
Microsoft Visual Studio Solution File, Format Version 12.00
# Visual Studio 15
VisualStudioVersion = 15.0.26124.0
MinimumVisualStudioVersion = 15.0.26124.0
Project("{2150E333-8FDC-42A3-9474-1A3956D46DE8}") = "src", "src", "{315029B3-731B-4810-9F09-322186D7CDE6}"
EndProject
Project("{FAE04EC0-301F-11D3-BF4B-00C04F79EFBC}") = "Sceny.DependencyInjection", "src\DependencyInjection\Sceny.DependencyInjection.csproj", "{7A86C688-B230-441E-9101-7AA8F432E811}"
EndProject
Project("{2150E333-8FDC-42A3-9474-1A3956D46DE8}") = "tests", "tests", "{8A93DC76-8686-4FD6-AFC7-B3C58D890794}"
EndProject
Project("{FAE04EC0-301F-11D3-BF4B-00C04F79EFBC}") = "Sceny.DependencyInjection.Tests", "tests\DependencyInjection\Sceny.DependencyInjection.Tests.csproj", "{FB3BC8AD-41BD-40B3-8F46-3A7EAC90502F}"
EndProject
Global
	GlobalSection(SolutionConfigurationPlatforms) = preSolution
		Debug|Any CPU = Debug|Any CPU
		Debug|x64 = Debug|x64
		Debug|x86 = Debug|x86
		Release|Any CPU = Release|Any CPU
		Release|x64 = Release|x64
		Release|x86 = Release|x86
	EndGlobalSection
	GlobalSection(SolutionProperties) = preSolution
		HideSolutionNode = FALSE
	EndGlobalSection
	GlobalSection(ProjectConfigurationPlatforms) = postSolution
		{7A86C688-B230-441E-9101-7AA8F432E811}.Debug|Any CPU.ActiveCfg = Debug|Any CPU
		{7A86C688-B230-441E-9101-7AA8F432E811}.Debug|Any CPU.Build.0 = Debug|Any CPU
		{7A86C688-B230-441E-9101-7AA8F432E811}.Debug|x64.ActiveCfg = Debug|Any CPU
		{7A86C688-B230-441E-9101-7AA8F432E811}.Debug|x64.Build.0 = Debug|Any CPU
		{7A86C688-B230-441E-9101-7AA8F432E811}.Debug|x86.ActiveCfg = Debug|Any CPU
		{7A86C688-B230-441E-9101-7AA8F432E811}.Debug|x86.Build.0 = Debug|Any CPU
		{7A86C688-B230-441E-9101-7AA8F432E811}.Release|Any CPU.ActiveCfg = Release|Any CPU
		{7A86C688-B230-441E-9101-7AA8F432E811}.Release|Any CPU.Build.0 = Release|Any CPU
		{7A86C688-B230-441E-9101-7AA8F432E811}.Release|x64.ActiveCfg = Release|Any CPU
		{7A86C688-B230-441E-9101-7AA8F432E811}.Release|x64.Build.0 = Release|Any CPU
		{7A86C688-B230-441E-9101-7AA8F432E811}.Release|x86.ActiveCfg = Release|Any CPU
		{7A86C688-B230-441E-9101-7AA8F432E811}.Release|x86.Build.0 = Release|Any CPU
		{FB3BC8AD-41BD-40B3-8F46-3A7EAC90502F}.Debug|Any CPU.ActiveCfg = Debug|Any CPU
		{FB3BC8AD-41BD-40B3-8F46-3A7EAC90502F}.Debug|Any CPU.Build.0 = Debug|Any CPU
		{FB3BC8AD-41BD-40B3-8F46-3A7EAC90502F}.Debug|x64.ActiveCfg = Debug|Any CPU
		{FB3BC8AD-41BD-40B3-8F46-3A7EAC90502F}.Debug|x64.Build.0 = Debug|Any CPU
		{FB3BC8AD-41BD-40B3-8F46-3A7EAC90502F}.Debug|x86.ActiveCfg = Debug|Any CPU
		{FB3BC8AD-41BD-40B3-8F46-3A7EAC90502F}.Debug|x86.Build.0 = Debug|Any CPU
		{FB3BC8AD-41BD-40B3-8F46-3A7EAC90502F}.Release|Any CPU.ActiveCfg = Release|Any CPU
		{FB3BC8AD-41BD-40B3-8F46-3A7EAC90502F}.Release|Any CPU.Build.0 = Release|Any CPU
		{FB3BC8AD-41BD-40B3-8F46-3A7EAC90502F}.Release|x64.ActiveCfg = Release|Any CPU
		{FB3BC8AD-41BD-40B3-8F46-3A7EAC90502F}.Release|x64.Build.0 = Release|Any CPU
		{FB3BC8AD-41BD-40B3-8F46-3A7EAC90502F}.Release|x86.ActiveCfg = Release|Any CPU
		{FB3BC8AD-41BD-40B3-8F46-3A7EAC90502F}.Release|x86.Build.0 = Release|Any CPU
	EndGlobalSection
	GlobalSection(NestedProjects) = preSolution
		{7A86C688-B230-441E-9101-7AA8F432E811} = {315029B3-731B-4810-9F09-322186D7CDE6}
		{FB3BC8AD-41BD-40B3-8F46-3A7EAC90502F} = {8A93DC76-8686-4FD6-AFC7-B3C58D890794}
	EndGlobalSection
EndGlobal
